
Microsoft Visual Studio Solution File, Format Version 12.00
# Visual Studio Version 17
VisualStudioVersion = 17.1.32228.430
MinimumVisualStudioVersion = 10.0.40219.1
Project("{9A19103F-16F7-4668-BE54-9A1E7A4F7556}") = "Calculator", "Calculator\Calculator.csproj", "{FEB98B4B-610A-4A80-BBA3-3D6FADD72306}"
EndProject
Project("{FAE04EC0-301F-11D3-BF4B-00C04F79EFBC}") = "TestProject2", "TestProject2\TestProject2.csproj", "{B796B852-61B2-4E43-BBD3-F89740FB78F1}"
EndProject
Global
	GlobalSection(SolutionConfigurationPlatforms) = preSolution
		Debug|Any CPU = Debug|Any CPU
		Release|Any CPU = Release|Any CPU
	EndGlobalSection
	GlobalSection(ProjectConfigurationPlatforms) = postSolution
		{FEB98B4B-610A-4A80-BBA3-3D6FADD72306}.Debug|Any CPU.ActiveCfg = Debug|Any CPU
		{FEB98B4B-610A-4A80-BBA3-3D6FADD72306}.Debug|Any CPU.Build.0 = Debug|Any CPU
		{FEB98B4B-610A-4A80-BBA3-3D6FADD72306}.Release|Any CPU.ActiveCfg = Release|Any CPU
		{FEB98B4B-610A-4A80-BBA3-3D6FADD72306}.Release|Any CPU.Build.0 = Release|Any CPU
		{B796B852-61B2-4E43-BBD3-F89740FB78F1}.Debug|Any CPU.ActiveCfg = Debug|Any CPU
		{B796B852-61B2-4E43-BBD3-F89740FB78F1}.Debug|Any CPU.Build.0 = Debug|Any CPU
		{B796B852-61B2-4E43-BBD3-F89740FB78F1}.Release|Any CPU.ActiveCfg = Release|Any CPU
		{B796B852-61B2-4E43-BBD3-F89740FB78F1}.Release|Any CPU.Build.0 = Release|Any CPU
	EndGlobalSection
	GlobalSection(SolutionProperties) = preSolution
		HideSolutionNode = FALSE
	EndGlobalSection
	GlobalSection(ExtensibilityGlobals) = postSolution
		SolutionGuid = {E74D404A-252C-4D33-8CCD-0144F4DF816F}
	EndGlobalSection
EndGlobal
